
Microsoft Visual Studio Solution File, Format Version 12.00
# Visual Studio 14
VisualStudioVersion = 14.0.22823.1
MinimumVisualStudioVersion = 10.0.40219.1
Project("{54435603-DBB4-11D2-8724-00A0C9A8B90C}") = "TakeNoteSetup", "TakeNoteSetup\TakeNoteSetup.vdproj", "{922B3985-4DCD-4FC8-A7F2-F915DB65F946}"
EndProject
Global
	GlobalSection(SolutionConfigurationPlatforms) = preSolution
		Debug|Default = Debug|Default
		Release|Default = Release|Default
	EndGlobalSection
	GlobalSection(ProjectConfigurationPlatforms) = postSolution
		{922B3985-4DCD-4FC8-A7F2-F915DB65F946}.Debug|Default.ActiveCfg = Debug
		{922B3985-4DCD-4FC8-A7F2-F915DB65F946}.Debug|Default.Build.0 = Debug
		{922B3985-4DCD-4FC8-A7F2-F915DB65F946}.Release|Default.ActiveCfg = Release
		{922B3985-4DCD-4FC8-A7F2-F915DB65F946}.Release|Default.Build.0 = Release
	EndGlobalSection
	GlobalSection(SolutionProperties) = preSolution
		HideSolutionNode = FALSE
	EndGlobalSection
EndGlobal
